
Microsoft Visual Studio Solution File, Format Version 12.00
# Visual Studio Version 16
VisualStudioVersion = 16.0.808.6
MinimumVisualStudioVersion = 10.0.40219.1
Project("{FAE04EC0-301F-11D3-BF4B-00C04F79EFBC}") = "number-guesser", "number-guesser\number-guesser.csproj", "{D006BD34-B0DF-4A35-B2D2-B90713D6AF76}"
EndProject
Global
	GlobalSection(SolutionConfigurationPlatforms) = preSolution
		Debug|Any CPU = Debug|Any CPU
		Release|Any CPU = Release|Any CPU
	EndGlobalSection
	GlobalSection(ProjectConfigurationPlatforms) = postSolution
		{D006BD34-B0DF-4A35-B2D2-B90713D6AF76}.Debug|Any CPU.ActiveCfg = Debug|Any CPU
		{D006BD34-B0DF-4A35-B2D2-B90713D6AF76}.Debug|Any CPU.Build.0 = Debug|Any CPU
		{D006BD34-B0DF-4A35-B2D2-B90713D6AF76}.Release|Any CPU.ActiveCfg = Release|Any CPU
		{D006BD34-B0DF-4A35-B2D2-B90713D6AF76}.Release|Any CPU.Build.0 = Release|Any CPU
	EndGlobalSection
	GlobalSection(SolutionProperties) = preSolution
		HideSolutionNode = FALSE
	EndGlobalSection
	GlobalSection(ExtensibilityGlobals) = postSolution
		SolutionGuid = {A1846253-9C1D-4825-8685-F90E639F6AF7}
	EndGlobalSection
EndGlobal
